// !$*UTF8*$!
{
	archiveVersion = 1;
	classes = {
	};
	objectVersion = 46;
	objects = {

/* Begin PBXBuildFile section */
		2225933E1EE633C000EC2F57 /* AppDelegate.swift in Sources */ = {isa = PBXBuildFile; fileRef = 2225933D1EE633C000EC2F57 /* AppDelegate.swift */; };
		222593401EE633C000EC2F57 /* ViewController.swift in Sources */ = {isa = PBXBuildFile; fileRef = 2225933F1EE633C000EC2F57 /* ViewController.swift */; };
		222593431EE633C000EC2F57 /* Main.storyboard in Resources */ = {isa = PBXBuildFile; fileRef = 222593411EE633C000EC2F57 /* Main.storyboard */; };
		222593451EE633C000EC2F57 /* Assets.xcassets in Resources */ = {isa = PBXBuildFile; fileRef = 222593441EE633C000EC2F57 /* Assets.xcassets */; };
		222593481EE633C000EC2F57 /* LaunchScreen.storyboard in Resources */ = {isa = PBXBuildFile; fileRef = 222593461EE633C000EC2F57 /* LaunchScreen.storyboard */; };
/* End PBXBuildFile section */

/* Begin PBXFileReference section */
		2225933A1EE633C000EC2F57 /* Names.app */ = {isa = PBXFileReference; explicitFileType = wrapper.application; includeInIndex = 0; path = Names.app; sourceTree = BUILT_PRODUCTS_DIR; };
		2225933D1EE633C000EC2F57 /* AppDelegate.swift */ = {isa = PBXFileReference; lastKnownFileType = sourcecode.swift; path = AppDelegate.swift; sourceTree = "<group>"; };
		2225933F1EE633C000EC2F57 /* ViewController.swift */ = {isa = PBXFileReference; lastKnownFileType = sourcecode.swift; path = ViewController.swift; sourceTree = "<group>"; };
		222593421EE633C000EC2F57 /* Base */ = {isa = PBXFileReference; lastKnownFileType = file.storyboard; name = Base; path = Base.lproj/Main.storyboard; sourceTree = "<group>"; };
		222593441EE633C000EC2F57 /* Assets.xcassets */ = {isa = PBXFileReference; lastKnownFileType = folder.assetcatalog; path = Assets.xcassets; sourceTree = "<group>"; };
		222593471EE633C000EC2F57 /* Base */ = {isa = PBXFileReference; lastKnownFileType = file.storyboard; name = Base; path = Base.lproj/LaunchScreen.storyboard; sourceTree = "<group>"; };
		222593491EE633C000EC2F57 /* Info.plist */ = {isa = PBXFileReference; lastKnownFileType = text.plist.xml; path = Info.plist; sourceTree = "<group>"; };
/* End PBXFileReference section */

/* Begin PBXFrameworksBuildPhase section */
		222593371EE633C000EC2F57 /* Frameworks */ = {
			isa = PBXFrameworksBuildPhase;
			buildActionMask = 2147483647;
			files = (
			);
			runOnlyForDeploymentPostprocessing = 0;
		};
/* End PBXFrameworksBuildPhase section */

/* Begin PBXGroup section */
		222593311EE633C000EC2F57 = {
			isa = PBXGroup;
			children = (
				2225933C1EE633C000EC2F57 /* Names */,
				2225933B1EE633C000EC2F57 /* Products */,
			);
			sourceTree = "<group>";
		};
		2225933B1EE633C000EC2F57 /* Products */ = {
			isa = PBXGroup;
			children = (
				2225933A1EE633C000EC2F57 /* Names.app */,
			);
			name = Products;
			sourceTree = "<group>";
		};
		2225933C1EE633C000EC2F57 /* Names */ = {
			isa = PBXGroup;
			children = (
				2225933D1EE633C000EC2F57 /* AppDelegate.swift */,
				2225933F1EE633C000EC2F57 /* ViewController.swift */,
				222593411EE633C000EC2F57 /* Main.storyboard */,
				222593441EE633C000EC2F57 /* Assets.xcassets */,
				222593461EE633C000EC2F57 /* LaunchScreen.storyboard */,
				222593491EE633C000EC2F57 /* Info.plist */,
			);
			path = Names;
			sourceTree = "<group>";
		};
/* End PBXGroup section */

/* Begin PBXNativeTarget section */
		222593391EE633C000EC2F57 /* Names */ = {
			isa = PBXNativeTarget;
			buildConfigurationList = 2225934C1EE633C000EC2F57 /* Build configuration list for PBXNativeTarget "Names" */;
			buildPhases = (
				222593361EE633C000EC2F57 /* Sources */,
				222593371EE633C000EC2F57 /* Frameworks */,
				222593381EE633C000EC2F57 /* Resources */,
			);
			buildRules = (
			);
			dependencies = (
			);
			name = Names;
			productName = Names;
			productReference = 2225933A1EE633C000EC2F57 /* Names.app */;
			productType = "com.apple.product-type.application";
		};
/* End PBXNativeTarget section */

/* Begin PBXProject section */
		222593321EE633C000EC2F57 /* Project object */ = {
			isa = PBXProject;
			attributes = {
				LastSwiftUpdateCheck = 0830;
				LastUpgradeCheck = 0830;
				ORGANIZATIONNAME = "Sam Meech-Ward";
				TargetAttributes = {
					222593391EE633C000EC2F57 = {
						CreatedOnToolsVersion = 8.3.2;
						DevelopmentTeam = 7GT6EK8D4J;
						ProvisioningStyle = Automatic;
					};
				};
			};
			buildConfigurationList = 222593351EE633C000EC2F57 /* Build configuration list for PBXProject "Names" */;
			compatibilityVersion = "Xcode 3.2";
			developmentRegion = English;
			hasScannedForEncodings = 0;
			knownRegions = (
				en,
				Base,
			);
			mainGroup = 222593311EE633C000EC2F57;
			productRefGroup = 2225933B1EE633C000EC2F57 /* Products */;
			projectDirPath = "";
			projectRoot = "";
			targets = (
				222593391EE633C000EC2F57 /* Names */,
			);
		};
/* End PBXProject section */

/* Begin PBXResourcesBuildPhase section */
		222593381EE633C000EC2F57 /* Resources */ = {
			isa = PBXResourcesBuildPhase;
			buildActionMask = 2147483647;
			files = (
				222593481EE633C000EC2F57 /* LaunchScreen.storyboard in Resources */,
				222593451EE633C000EC2F57 /* Assets.xcassets in Resources */,
				222593431EE633C000EC2F57 /* Main.storyboard in Resources */,
			);
			runOnlyForDeploymentPostprocessing = 0;
		};
/* End PBXResourcesBuildPhase section */

/* Begin PBXSourcesBuildPhase section */
		222593361EE633C000EC2F57 /* Sources */ = {
			isa = PBXSourcesBuildPhase;
			buildActionMask = 2147483647;
			files = (
				222593401EE633C000EC2F57 /* ViewController.swift in Sources */,
				2225933E1EE633C000EC2F57 /* AppDelegate.swift in Sources */,
			);
			runOnlyForDeploymentPostprocessing = 0;
		};
/* End PBXSourcesBuildPhase section */

/* Begin PBXVariantGroup section */
		222593411EE633C000EC2F57 /* Main.storyboard */ = {
			isa = PBXVariantGroup;
			children = (
				222593421EE633C000EC2F57 /* Base */,
			);
			name = Main.storyboard;
			sourceTree = "<group>";
		};
		222593461EE633C000EC2F57 /* LaunchScreen.storyboard */ = {
			isa = PBXVariantGroup;
			children = (
				222593471EE633C000EC2F57 /* Base */,
			);
			name = LaunchScreen.storyboard;
			sourceTree = "<group>";
		};
/* End PBXVariantGroup section */

/* Begin XCBuildConfiguration section */
		2225934A1EE633C000EC2F57 /* Debug */ = {
			isa = XCBuildConfiguration;
			buildSettings = {
				ALWAYS_SEARCH_USER_PATHS = NO;
				CLANG_ANALYZER_NONNULL = YES;
				CLANG_ANALYZER_NUMBER_OBJECT_CONVERSION = YES_AGGRESSIVE;
				CLANG_CXX_LANGUAGE_STANDARD = "gnu++0x";
				CLANG_CXX_LIBRARY = "libc++";
				CLANG_ENABLE_MODULES = YES;
				CLANG_ENABLE_OBJC_ARC = YES;
				CLANG_WARN_BOOL_CONVERSION = YES;
				CLANG_WARN_CONSTANT_CONVERSION = YES;
				CLANG_WARN_DIRECT_OBJC_ISA_USAGE = YES_ERROR;
				CLANG_WARN_DOCUMENTATION_COMMENTS = YES;
				CLANG_WARN_EMPTY_BODY = YES;
				CLANG_WARN_ENUM_CONVERSION = YES;
				CLANG_WARN_INFINITE_RECURSION = YES;
				CLANG_WARN_INT_CONVERSION = YES;
				CLANG_WARN_OBJC_ROOT_CLASS = YES_ERROR;
				CLANG_WARN_SUSPICIOUS_MOVE = YES;
				CLANG_WARN_UNREACHABLE_CODE = YES;
				CLANG_WARN__DUPLICATE_METHOD_MATCH = YES;
				"CODE_SIGN_IDENTITY[sdk=iphoneos*]" = "iPhone Developer";
				COPY_PHASE_STRIP = NO;
				DEBUG_INFORMATION_FORMAT = dwarf;
				ENABLE_STRICT_OBJC_MSGSEND = YES;
				ENABLE_TESTABILITY = YES;
				GCC_C_LANGUAGE_STANDARD = gnu99;
				GCC_DYNAMIC_NO_PIC = NO;
				GCC_NO_COMMON_BLOCKS = YES;
				GCC_OPTIMIZATION_LEVEL = 0;
				GCC_PREPROCESSOR_DEFINITIONS = (
					"DEBUG=1",
					"$(inherited)",
				);
				GCC_WARN_64_TO_32_BIT_CONVERSION = YES;
				GCC_WARN_ABOUT_RETURN_TYPE = YES_ERROR;
				GCC_WARN_UNDECLARED_SELECTOR = YES;
				GCC_WARN_UNINITIALIZED_AUTOS = YES_AGGRESSIVE;
				GCC_WARN_UNUSED_FUNCTION = YES;
				GCC_WARN_UNUSED_VARIABLE = YES;
				IPHONEOS_DEPLOYMENT_TARGET = 10.3;
				MTL_ENABLE_DEBUG_INFO = YES;
				ONLY_ACTIVE_ARCH = YES;
				SDKROOT = iphoneos;
				SWIFT_ACTIVE_COMPILATION_CONDITIONS = DEBUG;
				SWIFT_OPTIMIZATION_LEVEL = "-Onone";
				TARGETED_DEVICE_FAMILY = "1,2";
			};
			name = Debug;
		};
		2225934B1EE633C000EC2F57 /* Release */ = {
			isa = XCBuildConfiguration;
			buildSettings = {
				ALWAYS_SEARCH_USER_PATHS = NO;
				CLANG_ANALYZER_NONNULL = YES;
				CLANG_ANALYZER_NUMBER_OBJECT_CONVERSION = YES_AGGRESSIVE;
				CLANG_CXX_LANGUAGE_STANDARD = "gnu++0x";
				CLANG_CXX_LIBRARY = "libc++";
				CLANG_ENABLE_MODULES = YES;
				CLANG_ENABLE_OBJC_ARC = YES;
				CLANG_WARN_BOOL_CONVERSION = YES;
				CLANG_WARN_CONSTANT_CONVERSION = YES;
				CLANG_WARN_DIRECT_OBJC_ISA_USAGE = YES_ERROR;
				CLANG_WARN_DOCUMENTATION_COMMENTS = YES;
				CLANG_WARN_EMPTY_BODY = YES;
				CLANG_WARN_ENUM_CONVERSION = YES;
				CLANG_WARN_INFINITE_RECURSION = YES;
				CLANG_WARN_INT_CONVERSION = YES;
				CLANG_WARN_OBJC_ROOT_CLASS = YES_ERROR;
				CLANG_WARN_SUSPICIOUS_MOVE = YES;
				CLANG_WARN_UNREACHABLE_CODE = YES;
				CLANG_WARN__DUPLICATE_METHOD_MATCH = YES;
				"CODE_SIGN_IDENTITY[sdk=iphoneos*]" = "iPhone Developer";
				COPY_PHASE_STRIP = NO;
				DEBUG_INFORMATION_FORMAT = "dwarf-with-dsym";
				ENABLE_NS_ASSERTIONS = NO;
				ENABLE_STRICT_OBJC_MSGSEND = YES;
				GCC_C_LANGUAGE_STANDARD = gnu99;
				GCC_NO_COMMON_BLOCKS = YES;
				GCC_WARN_64_TO_32_BIT_CONVERSION = YES;
				GCC_WARN_ABOUT_RETURN_TYPE = YES_ERROR;
				GCC_WARN_UNDECLARED_SELECTOR = YES;
				GCC_WARN_UNINITIALIZED_AUTOS = YES_AGGRESSIVE;
				GCC_WARN_UNUSED_FUNCTION = YES;
				GCC_WARN_UNUSED_VARIABLE = YES;
				IPHONEOS_DEPLOYMENT_TARGET = 10.3;
				MTL_ENABLE_DEBUG_INFO = NO;
				SDKROOT = iphoneos;
				SWIFT_OPTIMIZATION_LEVEL = "-Owholemodule";
				TARGETED_DEVICE_FAMILY = "1,2";
				VALIDATE_PRODUCT = YES;
			};
			name = Release;
		};
		2225934D1EE633C000EC2F57 /* Debug */ = {
			isa = XCBuildConfiguration;
			buildSettings = {
				ASSETCATALOG_COMPILER_APPICON_NAME = AppIcon;
				DEVELOPMENT_TEAM = 7GT6EK8D4J;
				INFOPLIST_FILE = Names/Info.plist;
				LD_RUNPATH_SEARCH_PATHS = "$(inherited) @executable_path/Frameworks";
				PRODUCT_BUNDLE_IDENTIFIER = "com.meech-ward.demo.Names";
				PRODUCT_NAME = "$(TARGET_NAME)";
				SWIFT_VERSION = 3.0;
			};
			name = Debug;
		};
		2225934E1EE633C000EC2F57 /* Release */ = {
			isa = XCBuildConfiguration;
			buildSettings = {
				ASSETCATALOG_COMPILER_APPICON_NAME = AppIcon;
				DEVELOPMENT_TEAM = 7GT6EK8D4J;
				INFOPLIST_FILE = Names/Info.plist;
				LD_RUNPATH_SEARCH_PATHS = "$(inherited) @executable_path/Frameworks";
				PRODUCT_BUNDLE_IDENTIFIER = "com.meech-ward.demo.Names";
				PRODUCT_NAME = "$(TARGET_NAME)";
				SWIFT_VERSION = 3.0;
			};
			name = Release;
		};
/* End XCBuildConfiguration section */

/* Begin XCConfigurationList section */
		222593351EE633C000EC2F57 /* Build configuration list for PBXProject "Names" */ = {
			isa = XCConfigurationList;
			buildConfigurations = (
				2225934A1EE633C000EC2F57 /* Debug */,
				2225934B1EE633C000EC2F57 /* Release */,
			);
			defaultConfigurationIsVisible = 0;
			defaultConfigurationName = Release;
		};
		2225934C1EE633C000EC2F57 /* Build configuration list for PBXNativeTarget "Names" */ = {
			isa = XCConfigurationList;
			buildConfigurations = (
				2225934D1EE633C000EC2F57 /* Debug */,
				2225934E1EE633C000EC2F57 /* Release */,
			);
			defaultConfigurationIsVisible = 0;
		};
/* End XCConfigurationList section */
	};
	rootObject = 222593321EE633C000EC2F57 /* Project object */;
}
